
Microsoft Visual Studio Solution File, Format Version 12.00
# Visual Studio Version 17
VisualStudioVersion = 17.0.31903.59
MinimumVisualStudioVersion = 10.0.40219.1
Project("{FAE04EC0-301F-11D3-BF4B-00C04F79EFBC}") = "Hospital-LinqToSql", "Hospital-LinqToSql.csproj", "{D3976AFB-757E-49D4-99AC-C059BA733438}"
EndProject
Global
	GlobalSection(SolutionConfigurationPlatforms) = preSolution
		Debug|Any CPU = Debug|Any CPU
		Release|Any CPU = Release|Any CPU
	EndGlobalSection
	GlobalSection(ProjectConfigurationPlatforms) = postSolution
		{D3976AFB-757E-49D4-99AC-C059BA733438}.Debug|Any CPU.ActiveCfg = Debug|Any CPU
		{D3976AFB-757E-49D4-99AC-C059BA733438}.Debug|Any CPU.Build.0 = Debug|Any CPU
		{D3976AFB-757E-49D4-99AC-C059BA733438}.Release|Any CPU.ActiveCfg = Release|Any CPU
		{D3976AFB-757E-49D4-99AC-C059BA733438}.Release|Any CPU.Build.0 = Release|Any CPU
	EndGlobalSection
	GlobalSection(SolutionProperties) = preSolution
		HideSolutionNode = FALSE
	EndGlobalSection
	GlobalSection(ExtensibilityGlobals) = postSolution
		SolutionGuid = {1627CFD8-FDE4-4828-A813-7151735B6D3B}
	EndGlobalSection
EndGlobal
